
Microsoft Visual Studio Solution File, Format Version 12.00
# Visual Studio 15
VisualStudioVersion = 15.0.28307.168
MinimumVisualStudioVersion = 10.0.40219.1
Project("{9A19103F-16F7-4668-BE54-9A1E7A4F7556}") = "StreamJsonRpc.Sample.Client", "StreamJsonRpc.Sample.Client\StreamJsonRpc.Sample.Client.csproj", "{429412E8-1354-4DB7-B7D9-AECD31AC7880}"
EndProject
Project("{9A19103F-16F7-4668-BE54-9A1E7A4F7556}") = "StreamJsonRpc.Sample.Server", "StreamJsonRpc.Sample.Server\StreamJsonRpc.Sample.Server.csproj", "{C22F1510-2276-4540-BF2B-4BAF00C68489}"
EndProject
Project("{9A19103F-16F7-4668-BE54-9A1E7A4F7556}") = "StreamJsonRpc.Sample.Web", "StreamJsonRpc.Sample.Web\StreamJsonRpc.Sample.Web.csproj", "{2CAD3FEF-DE81-41F6-AF7D-59FF95F1561F}"
EndProject
Project("{9A19103F-16F7-4668-BE54-9A1E7A4F7556}") = "StreamJsonRpc.Sample.WebSocketClient", "StreamJsonRpc.Sample.WebSocketClient\StreamJsonRpc.Sample.WebSocketClient.csproj", "{F9798C1D-5A25-49B3-B9C6-7F66A4F170DD}"
EndProject
Project("{FAE04EC0-301F-11D3-BF4B-00C04F79EFBC}") = "StreamJsonRpc.Sample.Common", "StreamJsonRpc.Sample.Common\StreamJsonRpc.Sample.Common.csproj", "{F7003116-6451-49D5-8BC5-F30CF170831E}"
EndProject
Global
	GlobalSection(SolutionConfigurationPlatforms) = preSolution
		Debug|Any CPU = Debug|Any CPU
		Release|Any CPU = Release|Any CPU
	EndGlobalSection
	GlobalSection(ProjectConfigurationPlatforms) = postSolution
		{429412E8-1354-4DB7-B7D9-AECD31AC7880}.Debug|Any CPU.ActiveCfg = Debug|Any CPU
		{429412E8-1354-4DB7-B7D9-AECD31AC7880}.Debug|Any CPU.Build.0 = Debug|Any CPU
		{429412E8-1354-4DB7-B7D9-AECD31AC7880}.Release|Any CPU.ActiveCfg = Release|Any CPU
		{429412E8-1354-4DB7-B7D9-AECD31AC7880}.Release|Any CPU.Build.0 = Release|Any CPU
		{C22F1510-2276-4540-BF2B-4BAF00C68489}.Debug|Any CPU.ActiveCfg = Debug|Any CPU
		{C22F1510-2276-4540-BF2B-4BAF00C68489}.Debug|Any CPU.Build.0 = Debug|Any CPU
		{C22F1510-2276-4540-BF2B-4BAF00C68489}.Release|Any CPU.ActiveCfg = Release|Any CPU
		{C22F1510-2276-4540-BF2B-4BAF00C68489}.Release|Any CPU.Build.0 = Release|Any CPU
		{2CAD3FEF-DE81-41F6-AF7D-59FF95F1561F}.Debug|Any CPU.ActiveCfg = Debug|Any CPU
		{2CAD3FEF-DE81-41F6-AF7D-59FF95F1561F}.Debug|Any CPU.Build.0 = Debug|Any CPU
		{2CAD3FEF-DE81-41F6-AF7D-59FF95F1561F}.Release|Any CPU.ActiveCfg = Release|Any CPU
		{2CAD3FEF-DE81-41F6-AF7D-59FF95F1561F}.Release|Any CPU.Build.0 = Release|Any CPU
		{F9798C1D-5A25-49B3-B9C6-7F66A4F170DD}.Debug|Any CPU.ActiveCfg = Debug|Any CPU
		{F9798C1D-5A25-49B3-B9C6-7F66A4F170DD}.Debug|Any CPU.Build.0 = Debug|Any CPU
		{F9798C1D-5A25-49B3-B9C6-7F66A4F170DD}.Release|Any CPU.ActiveCfg = Release|Any CPU
		{F9798C1D-5A25-49B3-B9C6-7F66A4F170DD}.Release|Any CPU.Build.0 = Release|Any CPU
		{F7003116-6451-49D5-8BC5-F30CF170831E}.Debug|Any CPU.ActiveCfg = Debug|Any CPU
		{F7003116-6451-49D5-8BC5-F30CF170831E}.Debug|Any CPU.Build.0 = Debug|Any CPU
		{F7003116-6451-49D5-8BC5-F30CF170831E}.Release|Any CPU.ActiveCfg = Release|Any CPU
		{F7003116-6451-49D5-8BC5-F30CF170831E}.Release|Any CPU.Build.0 = Release|Any CPU
	EndGlobalSection
	GlobalSection(SolutionProperties) = preSolution
		HideSolutionNode = FALSE
	EndGlobalSection
	GlobalSection(ExtensibilityGlobals) = postSolution
		SolutionGuid = {4700D89D-15C5-4DD7-B706-8C7CE6C0C643}
	EndGlobalSection
EndGlobal
